// !$*UTF8*$!
{
	archiveVersion = 1;
	classes = {
	};
	objectVersion = 55;
	objects = {

/* Begin PBXBuildFile section */
		0A9433BD2747FCA5002C77C0 /* AppDelegate.swift in Sources */ = {isa = PBXBuildFile; fileRef = 0A9433BC2747FCA5002C77C0 /* AppDelegate.swift */; };
		0A9433BF2747FCA5002C77C0 /* SceneDelegate.swift in Sources */ = {isa = PBXBuildFile; fileRef = 0A9433BE2747FCA5002C77C0 /* SceneDelegate.swift */; };
		0A9433C12747FCA5002C77C0 /* ViewController.swift in Sources */ = {isa = PBXBuildFile; fileRef = 0A9433C02747FCA5002C77C0 /* ViewController.swift */; };
		0A9433C42747FCA5002C77C0 /* Main.storyboard in Resources */ = {isa = PBXBuildFile; fileRef = 0A9433C22747FCA5002C77C0 /* Main.storyboard */; };
		0A9433C62747FCA6002C77C0 /* Assets.xcassets in Resources */ = {isa = PBXBuildFile; fileRef = 0A9433C52747FCA6002C77C0 /* Assets.xcassets */; };
		0A9433C92747FCA6002C77C0 /* LaunchScreen.storyboard in Resources */ = {isa = PBXBuildFile; fileRef = 0A9433C72747FCA6002C77C0 /* LaunchScreen.storyboard */; };
		0A9433D42747FCA6002C77C0 /* ios_testTests.swift in Sources */ = {isa = PBXBuildFile; fileRef = 0A9433D32747FCA6002C77C0 /* ios_testTests.swift */; };
		0A9433DE2747FCA6002C77C0 /* ios_testUITests.swift in Sources */ = {isa = PBXBuildFile; fileRef = 0A9433DD2747FCA6002C77C0 /* ios_testUITests.swift */; };
		0A9433E02747FCA6002C77C0 /* ios_testUITestsLaunchTests.swift in Sources */ = {isa = PBXBuildFile; fileRef = 0A9433DF2747FCA6002C77C0 /* ios_testUITestsLaunchTests.swift */; };
/* End PBXBuildFile section */

/* Begin PBXContainerItemProxy section */
		0A9433D02747FCA6002C77C0 /* PBXContainerItemProxy */ = {
			isa = PBXContainerItemProxy;
			containerPortal = 0A9433B12747FCA5002C77C0 /* Project object */;
			proxyType = 1;
			remoteGlobalIDString = 0A9433B82747FCA5002C77C0;
			remoteInfo = "ios-test";
		};
		0A9433DA2747FCA6002C77C0 /* PBXContainerItemProxy */ = {
			isa = PBXContainerItemProxy;
			containerPortal = 0A9433B12747FCA5002C77C0 /* Project object */;
			proxyType = 1;
			remoteGlobalIDString = 0A9433B82747FCA5002C77C0;
			remoteInfo = "ios-test";
		};
/* End PBXContainerItemProxy section */

/* Begin PBXFileReference section */
		0A9433B92747FCA5002C77C0 /* ios-test.app */ = {isa = PBXFileReference; explicitFileType = wrapper.application; includeInIndex = 0; path = "ios-test.app"; sourceTree = BUILT_PRODUCTS_DIR; };
		0A9433BC2747FCA5002C77C0 /* AppDelegate.swift */ = {isa = PBXFileReference; lastKnownFileType = sourcecode.swift; path = AppDelegate.swift; sourceTree = "<group>"; };
		0A9433BE2747FCA5002C77C0 /* SceneDelegate.swift */ = {isa = PBXFileReference; lastKnownFileType = sourcecode.swift; path = SceneDelegate.swift; sourceTree = "<group>"; };
		0A9433C02747FCA5002C77C0 /* ViewController.swift */ = {isa = PBXFileReference; lastKnownFileType = sourcecode.swift; path = ViewController.swift; sourceTree = "<group>"; };
		0A9433C32747FCA5002C77C0 /* Base */ = {isa = PBXFileReference; lastKnownFileType = file.storyboard; name = Base; path = Base.lproj/Main.storyboard; sourceTree = "<group>"; };
		0A9433C52747FCA6002C77C0 /* Assets.xcassets */ = {isa = PBXFileReference; lastKnownFileType = folder.assetcatalog; path = Assets.xcassets; sourceTree = "<group>"; };
		0A9433C82747FCA6002C77C0 /* Base */ = {isa = PBXFileReference; lastKnownFileType = file.storyboard; name = Base; path = Base.lproj/LaunchScreen.storyboard; sourceTree = "<group>"; };
		0A9433CA2747FCA6002C77C0 /* Info.plist */ = {isa = PBXFileReference; lastKnownFileType = text.plist.xml; path = Info.plist; sourceTree = "<group>"; };
		0A9433CF2747FCA6002C77C0 /* ios-testTests.xctest */ = {isa = PBXFileReference; explicitFileType = wrapper.cfbundle; includeInIndex = 0; path = "ios-testTests.xctest"; sourceTree = BUILT_PRODUCTS_DIR; };
		0A9433D32747FCA6002C77C0 /* ios_testTests.swift */ = {isa = PBXFileReference; lastKnownFileType = sourcecode.swift; path = ios_testTests.swift; sourceTree = "<group>"; };
		0A9433D92747FCA6002C77C0 /* ios-testUITests.xctest */ = {isa = PBXFileReference; explicitFileType = wrapper.cfbundle; includeInIndex = 0; path = "ios-testUITests.xctest"; sourceTree = BUILT_PRODUCTS_DIR; };
		0A9433DD2747FCA6002C77C0 /* ios_testUITests.swift */ = {isa = PBXFileReference; lastKnownFileType = sourcecode.swift; path = ios_testUITests.swift; sourceTree = "<group>"; };
		0A9433DF2747FCA6002C77C0 /* ios_testUITestsLaunchTests.swift */ = {isa = PBXFileReference; lastKnownFileType = sourcecode.swift; path = ios_testUITestsLaunchTests.swift; sourceTree = "<group>"; };
/* End PBXFileReference section */

/* Begin PBXFrameworksBuildPhase section */
		0A9433B62747FCA5002C77C0 /* Frameworks */ = {
			isa = PBXFrameworksBuildPhase;
			buildActionMask = 2147483647;
			files = (
			);
			runOnlyForDeploymentPostprocessing = 0;
		};
		0A9433CC2747FCA6002C77C0 /* Frameworks */ = {
			isa = PBXFrameworksBuildPhase;
			buildActionMask = 2147483647;
			files = (
			);
			runOnlyForDeploymentPostprocessing = 0;
		};
		0A9433D62747FCA6002C77C0 /* Frameworks */ = {
			isa = PBXFrameworksBuildPhase;
			buildActionMask = 2147483647;
			files = (
			);
			runOnlyForDeploymentPostprocessing = 0;
		};
/* End PBXFrameworksBuildPhase section */

/* Begin PBXGroup section */
		0A9433B02747FCA5002C77C0 = {
			isa = PBXGroup;
			children = (
				0A9433BB2747FCA5002C77C0 /* ios-test */,
				0A9433D22747FCA6002C77C0 /* ios-testTests */,
				0A9433DC2747FCA6002C77C0 /* ios-testUITests */,
				0A9433BA2747FCA5002C77C0 /* Products */,
			);
			sourceTree = "<group>";
		};
		0A9433BA2747FCA5002C77C0 /* Products */ = {
			isa = PBXGroup;
			children = (
				0A9433B92747FCA5002C77C0 /* ios-test.app */,
				0A9433CF2747FCA6002C77C0 /* ios-testTests.xctest */,
				0A9433D92747FCA6002C77C0 /* ios-testUITests.xctest */,
			);
			name = Products;
			sourceTree = "<group>";
		};
		0A9433BB2747FCA5002C77C0 /* ios-test */ = {
			isa = PBXGroup;
			children = (
				0A9433F127480128002C77C0 /* blue */,
				0A9433F027480122002C77C0 /* login */,
				0A9433EF27480117002C77C0 /* pages */,
				0A9433EE2748010C002C77C0 /* home */,
				0A9433ED274800F1002C77C0 /* share */,
				0A9433EC274800E3002C77C0 /* console */,
				0A9433BC2747FCA5002C77C0 /* AppDelegate.swift */,
				0A9433BE2747FCA5002C77C0 /* SceneDelegate.swift */,
				0A9433C02747FCA5002C77C0 /* ViewController.swift */,
				0A9433C22747FCA5002C77C0 /* Main.storyboard */,
				0A9433C52747FCA6002C77C0 /* Assets.xcassets */,
				0A9433C72747FCA6002C77C0 /* LaunchScreen.storyboard */,
				0A9433CA2747FCA6002C77C0 /* Info.plist */,
			);
			path = "ios-test";
			sourceTree = "<group>";
		};
		0A9433D22747FCA6002C77C0 /* ios-testTests */ = {
			isa = PBXGroup;
			children = (
				0A9433D32747FCA6002C77C0 /* ios_testTests.swift */,
			);
			path = "ios-testTests";
			sourceTree = "<group>";
		};
		0A9433DC2747FCA6002C77C0 /* ios-testUITests */ = {
			isa = PBXGroup;
			children = (
				0A9433DD2747FCA6002C77C0 /* ios_testUITests.swift */,
				0A9433DF2747FCA6002C77C0 /* ios_testUITestsLaunchTests.swift */,
			);
			path = "ios-testUITests";
			sourceTree = "<group>";
		};
		0A9433EC274800E3002C77C0 /* console */ = {
			isa = PBXGroup;
			children = (
			);
			path = console;
			sourceTree = "<group>";
		};
		0A9433ED274800F1002C77C0 /* share */ = {
			isa = PBXGroup;
			children = (
			);
			path = share;
			sourceTree = "<group>";
		};
		0A9433EE2748010C002C77C0 /* home */ = {
			isa = PBXGroup;
			children = (
			);
			path = home;
			sourceTree = "<group>";
		};
		0A9433EF27480117002C77C0 /* pages */ = {
			isa = PBXGroup;
			children = (
			);
			path = pages;
			sourceTree = "<group>";
		};
		0A9433F027480122002C77C0 /* login */ = {
			isa = PBXGroup;
			children = (
			);
			path = login;
			sourceTree = "<group>";
		};
		0A9433F127480128002C77C0 /* blue */ = {
			isa = PBXGroup;
			children = (
			);
			path = blue;
			sourceTree = "<group>";
		};
/* End PBXGroup section */

/* Begin PBXNativeTarget section */
		0A9433B82747FCA5002C77C0 /* ios-test */ = {
			isa = PBXNativeTarget;
			buildConfigurationList = 0A9433E32747FCA6002C77C0 /* Build configuration list for PBXNativeTarget "ios-test" */;
			buildPhases = (
				0A9433B52747FCA5002C77C0 /* Sources */,
				0A9433B62747FCA5002C77C0 /* Frameworks */,
				0A9433B72747FCA5002C77C0 /* Resources */,
			);
			buildRules = (
			);
			dependencies = (
			);
			name = "ios-test";
			productName = "ios-test";
			productReference = 0A9433B92747FCA5002C77C0 /* ios-test.app */;
			productType = "com.apple.product-type.application";
		};
		0A9433CE2747FCA6002C77C0 /* ios-testTests */ = {
			isa = PBXNativeTarget;
			buildConfigurationList = 0A9433E62747FCA6002C77C0 /* Build configuration list for PBXNativeTarget "ios-testTests" */;
			buildPhases = (
				0A9433CB2747FCA6002C77C0 /* Sources */,
				0A9433CC2747FCA6002C77C0 /* Frameworks */,
				0A9433CD2747FCA6002C77C0 /* Resources */,
			);
			buildRules = (
			);
			dependencies = (
				0A9433D12747FCA6002C77C0 /* PBXTargetDependency */,
			);
			name = "ios-testTests";
			productName = "ios-testTests";
			productReference = 0A9433CF2747FCA6002C77C0 /* ios-testTests.xctest */;
			productType = "com.apple.product-type.bundle.unit-test";
		};
		0A9433D82747FCA6002C77C0 /* ios-testUITests */ = {
			isa = PBXNativeTarget;
			buildConfigurationList = 0A9433E92747FCA6002C77C0 /* Build configuration list for PBXNativeTarget "ios-testUITests" */;
			buildPhases = (
				0A9433D52747FCA6002C77C0 /* Sources */,
				0A9433D62747FCA6002C77C0 /* Frameworks */,
				0A9433D72747FCA6002C77C0 /* Resources */,
			);
			buildRules = (
			);
			dependencies = (
				0A9433DB2747FCA6002C77C0 /* PBXTargetDependency */,
			);
			name = "ios-testUITests";
			productName = "ios-testUITests";
			productReference = 0A9433D92747FCA6002C77C0 /* ios-testUITests.xctest */;
			productType = "com.apple.product-type.bundle.ui-testing";
		};
/* End PBXNativeTarget section */

/* Begin PBXProject section */
		0A9433B12747FCA5002C77C0 /* Project object */ = {
			isa = PBXProject;
			attributes = {
				BuildIndependentTargetsInParallel = 1;
				LastSwiftUpdateCheck = 1310;
				LastUpgradeCheck = 1310;
				TargetAttributes = {
					0A9433B82747FCA5002C77C0 = {
						CreatedOnToolsVersion = 13.1;
					};
					0A9433CE2747FCA6002C77C0 = {
						CreatedOnToolsVersion = 13.1;
						TestTargetID = 0A9433B82747FCA5002C77C0;
					};
					0A9433D82747FCA6002C77C0 = {
						CreatedOnToolsVersion = 13.1;
						TestTargetID = 0A9433B82747FCA5002C77C0;
					};
				};
			};
			buildConfigurationList = 0A9433B42747FCA5002C77C0 /* Build configuration list for PBXProject "ios-test" */;
			compatibilityVersion = "Xcode 13.0";
			developmentRegion = en;
			hasScannedForEncodings = 0;
			knownRegions = (
				en,
				Base,
			);
			mainGroup = 0A9433B02747FCA5002C77C0;
			productRefGroup = 0A9433BA2747FCA5002C77C0 /* Products */;
			projectDirPath = "";
			projectRoot = "";
			targets = (
				0A9433B82747FCA5002C77C0 /* ios-test */,
				0A9433CE2747FCA6002C77C0 /* ios-testTests */,
				0A9433D82747FCA6002C77C0 /* ios-testUITests */,
			);
		};
/* End PBXProject section */

/* Begin PBXResourcesBuildPhase section */
		0A9433B72747FCA5002C77C0 /* Resources */ = {
			isa = PBXResourcesBuildPhase;
			buildActionMask = 2147483647;
			files = (
				0A9433C92747FCA6002C77C0 /* LaunchScreen.storyboard in Resources */,
				0A9433C62747FCA6002C77C0 /* Assets.xcassets in Resources */,
				0A9433C42747FCA5002C77C0 /* Main.storyboard in Resources */,
			);
			runOnlyForDeploymentPostprocessing = 0;
		};
		0A9433CD2747FCA6002C77C0 /* Resources */ = {
			isa = PBXResourcesBuildPhase;
			buildActionMask = 2147483647;
			files = (
			);
			runOnlyForDeploymentPostprocessing = 0;
		};
		0A9433D72747FCA6002C77C0 /* Resources */ = {
			isa = PBXResourcesBuildPhase;
			buildActionMask = 2147483647;
			files = (
			);
			runOnlyForDeploymentPostprocessing = 0;
		};
/* End PBXResourcesBuildPhase section */

/* Begin PBXSourcesBuildPhase section */
		0A9433B52747FCA5002C77C0 /* Sources */ = {
			isa = PBXSourcesBuildPhase;
			buildActionMask = 2147483647;
			files = (
				0A9433C12747FCA5002C77C0 /* ViewController.swift in Sources */,
				0A9433BD2747FCA5002C77C0 /* AppDelegate.swift in Sources */,
				0A9433BF2747FCA5002C77C0 /* SceneDelegate.swift in Sources */,
			);
			runOnlyForDeploymentPostprocessing = 0;
		};
		0A9433CB2747FCA6002C77C0 /* Sources */ = {
			isa = PBXSourcesBuildPhase;
			buildActionMask = 2147483647;
			files = (
				0A9433D42747FCA6002C77C0 /* ios_testTests.swift in Sources */,
			);
			runOnlyForDeploymentPostprocessing = 0;
		};
		0A9433D52747FCA6002C77C0 /* Sources */ = {
			isa = PBXSourcesBuildPhase;
			buildActionMask = 2147483647;
			files = (
				0A9433E02747FCA6002C77C0 /* ios_testUITestsLaunchTests.swift in Sources */,
				0A9433DE2747FCA6002C77C0 /* ios_testUITests.swift in Sources */,
			);
			runOnlyForDeploymentPostprocessing = 0;
		};
/* End PBXSourcesBuildPhase section */

/* Begin PBXTargetDependency section */
		0A9433D12747FCA6002C77C0 /* PBXTargetDependency */ = {
			isa = PBXTargetDependency;
			target = 0A9433B82747FCA5002C77C0 /* ios-test */;
			targetProxy = 0A9433D02747FCA6002C77C0 /* PBXContainerItemProxy */;
		};
		0A9433DB2747FCA6002C77C0 /* PBXTargetDependency */ = {
			isa = PBXTargetDependency;
			target = 0A9433B82747FCA5002C77C0 /* ios-test */;
			targetProxy = 0A9433DA2747FCA6002C77C0 /* PBXContainerItemProxy */;
		};
/* End PBXTargetDependency section */

/* Begin PBXVariantGroup section */
		0A9433C22747FCA5002C77C0 /* Main.storyboard */ = {
			isa = PBXVariantGroup;
			children = (
				0A9433C32747FCA5002C77C0 /* Base */,
			);
			name = Main.storyboard;
			sourceTree = "<group>";
		};
		0A9433C72747FCA6002C77C0 /* LaunchScreen.storyboard */ = {
			isa = PBXVariantGroup;
			children = (
				0A9433C82747FCA6002C77C0 /* Base */,
			);
			name = LaunchScreen.storyboard;
			sourceTree = "<group>";
		};
/* End PBXVariantGroup section */

/* Begin XCBuildConfiguration section */
		0A9433E12747FCA6002C77C0 /* Debug */ = {
			isa = XCBuildConfiguration;
			buildSettings = {
				ALWAYS_SEARCH_USER_PATHS = NO;
				CLANG_ANALYZER_NONNULL = YES;
				CLANG_ANALYZER_NUMBER_OBJECT_CONVERSION = YES_AGGRESSIVE;
				CLANG_CXX_LANGUAGE_STANDARD = "gnu++17";
				CLANG_CXX_LIBRARY = "libc++";
				CLANG_ENABLE_MODULES = YES;
				CLANG_ENABLE_OBJC_ARC = YES;
				CLANG_ENABLE_OBJC_WEAK = YES;
				CLANG_WARN_BLOCK_CAPTURE_AUTORELEASING = YES;
				CLANG_WARN_BOOL_CONVERSION = YES;
				CLANG_WARN_COMMA = YES;
				CLANG_WARN_CONSTANT_CONVERSION = YES;
				CLANG_WARN_DEPRECATED_OBJC_IMPLEMENTATIONS = YES;
				CLANG_WARN_DIRECT_OBJC_ISA_USAGE = YES_ERROR;
				CLANG_WARN_DOCUMENTATION_COMMENTS = YES;
				CLANG_WARN_EMPTY_BODY = YES;
				CLANG_WARN_ENUM_CONVERSION = YES;
				CLANG_WARN_INFINITE_RECURSION = YES;
				CLANG_WARN_INT_CONVERSION = YES;
				CLANG_WARN_NON_LITERAL_NULL_CONVERSION = YES;
				CLANG_WARN_OBJC_IMPLICIT_RETAIN_SELF = YES;
				CLANG_WARN_OBJC_LITERAL_CONVERSION = YES;
				CLANG_WARN_OBJC_ROOT_CLASS = YES_ERROR;
				CLANG_WARN_QUOTED_INCLUDE_IN_FRAMEWORK_HEADER = YES;
				CLANG_WARN_RANGE_LOOP_ANALYSIS = YES;
				CLANG_WARN_STRICT_PROTOTYPES = YES;
				CLANG_WARN_SUSPICIOUS_MOVE = YES;
				CLANG_WARN_UNGUARDED_AVAILABILITY = YES_AGGRESSIVE;
				CLANG_WARN_UNREACHABLE_CODE = YES;
				CLANG_WARN__DUPLICATE_METHOD_MATCH = YES;
				COPY_PHASE_STRIP = NO;
				DEBUG_INFORMATION_FORMAT = dwarf;
				ENABLE_STRICT_OBJC_MSGSEND = YES;
				ENABLE_TESTABILITY = YES;
				GCC_C_LANGUAGE_STANDARD = gnu11;
				GCC_DYNAMIC_NO_PIC = NO;
				GCC_NO_COMMON_BLOCKS = YES;
				GCC_OPTIMIZATION_LEVEL = 0;
				GCC_PREPROCESSOR_DEFINITIONS = (
					"DEBUG=1",
					"$(inherited)",
				);
				GCC_WARN_64_TO_32_BIT_CONVERSION = YES;
				GCC_WARN_ABOUT_RETURN_TYPE = YES_ERROR;
				GCC_WARN_UNDECLARED_SELECTOR = YES;
				GCC_WARN_UNINITIALIZED_AUTOS = YES_AGGRESSIVE;
				GCC_WARN_UNUSED_FUNCTION = YES;
				GCC_WARN_UNUSED_VARIABLE = YES;
				IPHONEOS_DEPLOYMENT_TARGET = 15.0;
				MTL_ENABLE_DEBUG_INFO = INCLUDE_SOURCE;
				MTL_FAST_MATH = YES;
				ONLY_ACTIVE_ARCH = YES;
				SDKROOT = iphoneos;
				SWIFT_ACTIVE_COMPILATION_CONDITIONS = DEBUG;
				SWIFT_OPTIMIZATION_LEVEL = "-Onone";
			};
			name = Debug;
		};
		0A9433E22747FCA6002C77C0 /* Release */ = {
			isa = XCBuildConfiguration;
			buildSettings = {
				ALWAYS_SEARCH_USER_PATHS = NO;
				CLANG_ANALYZER_NONNULL = YES;
				CLANG_ANALYZER_NUMBER_OBJECT_CONVERSION = YES_AGGRESSIVE;
				CLANG_CXX_LANGUAGE_STANDARD = "gnu++17";
				CLANG_CXX_LIBRARY = "libc++";
				CLANG_ENABLE_MODULES = YES;
				CLANG_ENABLE_OBJC_ARC = YES;
				CLANG_ENABLE_OBJC_WEAK = YES;
				CLANG_WARN_BLOCK_CAPTURE_AUTORELEASING = YES;
				CLANG_WARN_BOOL_CONVERSION = YES;
				CLANG_WARN_COMMA = YES;
				CLANG_WARN_CONSTANT_CONVERSION = YES;
				CLANG_WARN_DEPRECATED_OBJC_IMPLEMENTATIONS = YES;
				CLANG_WARN_DIRECT_OBJC_ISA_USAGE = YES_ERROR;
				CLANG_WARN_DOCUMENTATION_COMMENTS = YES;
				CLANG_WARN_EMPTY_BODY = YES;
				CLANG_WARN_ENUM_CONVERSION = YES;
				CLANG_WARN_INFINITE_RECURSION = YES;
				CLANG_WARN_INT_CONVERSION = YES;
				CLANG_WARN_NON_LITERAL_NULL_CONVERSION = YES;
				CLANG_WARN_OBJC_IMPLICIT_RETAIN_SELF = YES;
				CLANG_WARN_OBJC_LITERAL_CONVERSION = YES;
				CLANG_WARN_OBJC_ROOT_CLASS = YES_ERROR;
				CLANG_WARN_QUOTED_INCLUDE_IN_FRAMEWORK_HEADER = YES;
				CLANG_WARN_RANGE_LOOP_ANALYSIS = YES;
				CLANG_WARN_STRICT_PROTOTYPES = YES;
				CLANG_WARN_SUSPICIOUS_MOVE = YES;
				CLANG_WARN_UNGUARDED_AVAILABILITY = YES_AGGRESSIVE;
				CLANG_WARN_UNREACHABLE_CODE = YES;
				CLANG_WARN__DUPLICATE_METHOD_MATCH = YES;
				COPY_PHASE_STRIP = NO;
				DEBUG_INFORMATION_FORMAT = "dwarf-with-dsym";
				ENABLE_NS_ASSERTIONS = NO;
				ENABLE_STRICT_OBJC_MSGSEND = YES;
				GCC_C_LANGUAGE_STANDARD = gnu11;
				GCC_NO_COMMON_BLOCKS = YES;
				GCC_WARN_64_TO_32_BIT_CONVERSION = YES;
				GCC_WARN_ABOUT_RETURN_TYPE = YES_ERROR;
				GCC_WARN_UNDECLARED_SELECTOR = YES;
				GCC_WARN_UNINITIALIZED_AUTOS = YES_AGGRESSIVE;
				GCC_WARN_UNUSED_FUNCTION = YES;
				GCC_WARN_UNUSED_VARIABLE = YES;
				IPHONEOS_DEPLOYMENT_TARGET = 15.0;
				MTL_ENABLE_DEBUG_INFO = NO;
				MTL_FAST_MATH = YES;
				SDKROOT = iphoneos;
				SWIFT_COMPILATION_MODE = wholemodule;
				SWIFT_OPTIMIZATION_LEVEL = "-O";
				VALIDATE_PRODUCT = YES;
			};
			name = Release;
		};
		0A9433E42747FCA6002C77C0 /* Debug */ = {
			isa = XCBuildConfiguration;
			buildSettings = {
				ASSETCATALOG_COMPILER_APPICON_NAME = AppIcon;
				ASSETCATALOG_COMPILER_GLOBAL_ACCENT_COLOR_NAME = AccentColor;
				CODE_SIGN_STYLE = Automatic;
				CURRENT_PROJECT_VERSION = 1;
				DEVELOPMENT_TEAM = VA2JS596U5;
				GENERATE_INFOPLIST_FILE = YES;
				INFOPLIST_FILE = "ios-test/Info.plist";
				INFOPLIST_KEY_UIApplicationSupportsIndirectInputEvents = YES;
				INFOPLIST_KEY_UIMainStoryboardFile = Main;
				INFOPLIST_KEY_UIStatusBarHidden = NO;
				INFOPLIST_KEY_UISupportedInterfaceOrientations = UIInterfaceOrientationPortrait;
				INFOPLIST_KEY_UISupportedInterfaceOrientations_iPad = "UIInterfaceOrientationPortrait UIInterfaceOrientationPortraitUpsideDown UIInterfaceOrientationLandscapeLeft UIInterfaceOrientationLandscapeRight";
				INFOPLIST_KEY_UISupportedInterfaceOrientations_iPhone = "UIInterfaceOrientationPortrait UIInterfaceOrientationLandscapeLeft UIInterfaceOrientationLandscapeRight";
				IPHONEOS_DEPLOYMENT_TARGET = 11.0;
				LD_RUNPATH_SEARCH_PATHS = (
					"$(inherited)",
					"@executable_path/Frameworks",
				);
				MARKETING_VERSION = 1.0;
				PRODUCT_BUNDLE_IDENTIFIER = "cn.test.ios-test";
				PRODUCT_NAME = "$(TARGET_NAME)";
				SWIFT_EMIT_LOC_STRINGS = YES;
				SWIFT_VERSION = 5.0;
				TARGETED_DEVICE_FAMILY = "1,2";
			};
			name = Debug;
		};
		0A9433E52747FCA6002C77C0 /* Release */ = {
			isa = XCBuildConfiguration;
			buildSettings = {
				ASSETCATALOG_COMPILER_APPICON_NAME = AppIcon;
				ASSETCATALOG_COMPILER_GLOBAL_ACCENT_COLOR_NAME = AccentColor;
				CODE_SIGN_STYLE = Automatic;
				CURRENT_PROJECT_VERSION = 1;
				DEVELOPMENT_TEAM = VA2JS596U5;
				GENERATE_INFOPLIST_FILE = YES;
				INFOPLIST_FILE = "ios-test/Info.plist";
				INFOPLIST_KEY_UIApplicationSupportsIndirectInputEvents = YES;
				INFOPLIST_KEY_UIMainStoryboardFile = Main;
				INFOPLIST_KEY_UIStatusBarHidden = NO;
				INFOPLIST_KEY_UISupportedInterfaceOrientations = UIInterfaceOrientationPortrait;
				INFOPLIST_KEY_UISupportedInterfaceOrientations_iPad = "UIInterfaceOrientationPortrait UIInterfaceOrientationPortraitUpsideDown UIInterfaceOrientationLandscapeLeft UIInterfaceOrientationLandscapeRight";
				INFOPLIST_KEY_UISupportedInterfaceOrientations_iPhone = "UIInterfaceOrientationPortrait UIInterfaceOrientationLandscapeLeft UIInterfaceOrientationLandscapeRight";
				IPHONEOS_DEPLOYMENT_TARGET = 11.0;
				LD_RUNPATH_SEARCH_PATHS = (
					"$(inherited)",
					"@executable_path/Frameworks",
				);
				MARKETING_VERSION = 1.0;
				PRODUCT_BUNDLE_IDENTIFIER = "cn.test.ios-test";
				PRODUCT_NAME = "$(TARGET_NAME)";
				SWIFT_EMIT_LOC_STRINGS = YES;
				SWIFT_VERSION = 5.0;
				TARGETED_DEVICE_FAMILY = "1,2";
			};
			name = Release;
		};
		0A9433E72747FCA6002C77C0 /* Debug */ = {
			isa = XCBuildConfiguration;
			buildSettings = {
				ALWAYS_EMBED_SWIFT_STANDARD_LIBRARIES = YES;
				BUNDLE_LOADER = "$(TEST_HOST)";
				CODE_SIGN_STYLE = Automatic;
				CURRENT_PROJECT_VERSION = 1;
				DEVELOPMENT_TEAM = VA2JS596U5;
				GENERATE_INFOPLIST_FILE = YES;
				IPHONEOS_DEPLOYMENT_TARGET = 15.0;
				LD_RUNPATH_SEARCH_PATHS = (
					"$(inherited)",
					"@executable_path/Frameworks",
					"@loader_path/Frameworks",
				);
				MARKETING_VERSION = 1.0;
				PRODUCT_BUNDLE_IDENTIFIER = "cn.test.ios-testTests";
				PRODUCT_NAME = "$(TARGET_NAME)";
				SWIFT_EMIT_LOC_STRINGS = NO;
				SWIFT_VERSION = 5.0;
				TARGETED_DEVICE_FAMILY = "1,2";
				TEST_HOST = "$(BUILT_PRODUCTS_DIR)/ios-test.app/ios-test";
			};
			name = Debug;
		};
		0A9433E82747FCA6002C77C0 /* Release */ = {
			isa = XCBuildConfiguration;
			buildSettings = {
				ALWAYS_EMBED_SWIFT_STANDARD_LIBRARIES = YES;
				BUNDLE_LOADER = "$(TEST_HOST)";
				CODE_SIGN_STYLE = Automatic;
				CURRENT_PROJECT_VERSION = 1;
				DEVELOPMENT_TEAM = VA2JS596U5;
				GENERATE_INFOPLIST_FILE = YES;
				IPHONEOS_DEPLOYMENT_TARGET = 15.0;
				LD_RUNPATH_SEARCH_PATHS = (
					"$(inherited)",
					"@executable_path/Frameworks",
					"@loader_path/Frameworks",
				);
				MARKETING_VERSION = 1.0;
				PRODUCT_BUNDLE_IDENTIFIER = "cn.test.ios-testTests";
				PRODUCT_NAME = "$(TARGET_NAME)";
				SWIFT_EMIT_LOC_STRINGS = NO;
				SWIFT_VERSION = 5.0;
				TARGETED_DEVICE_FAMILY = "1,2";
				TEST_HOST = "$(BUILT_PRODUCTS_DIR)/ios-test.app/ios-test";
			};
			name = Release;
		};
		0A9433EA2747FCA6002C77C0 /* Debug */ = {
			isa = XCBuildConfiguration;
			buildSettings = {
				ALWAYS_EMBED_SWIFT_STANDARD_LIBRARIES = YES;
				CODE_SIGN_STYLE = Automatic;
				CURRENT_PROJECT_VERSION = 1;
				DEVELOPMENT_TEAM = VA2JS596U5;
				GENERATE_INFOPLIST_FILE = YES;
				LD_RUNPATH_SEARCH_PATHS = (
					"$(inherited)",
					"@executable_path/Frameworks",
					"@loader_path/Frameworks",
				);
				MARKETING_VERSION = 1.0;
				PRODUCT_BUNDLE_IDENTIFIER = "cn.test.ios-testUITests";
				PRODUCT_NAME = "$(TARGET_NAME)";
				SWIFT_EMIT_LOC_STRINGS = NO;
				SWIFT_VERSION = 5.0;
				TARGETED_DEVICE_FAMILY = "1,2";
				TEST_TARGET_NAME = "ios-test";
			};
			name = Debug;
		};
		0A9433EB2747FCA6002C77C0 /* Release */ = {
			isa = XCBuildConfiguration;
			buildSettings = {
				ALWAYS_EMBED_SWIFT_STANDARD_LIBRARIES = YES;
				CODE_SIGN_STYLE = Automatic;
				CURRENT_PROJECT_VERSION = 1;
				DEVELOPMENT_TEAM = VA2JS596U5;
				GENERATE_INFOPLIST_FILE = YES;
				LD_RUNPATH_SEARCH_PATHS = (
					"$(inherited)",
					"@executable_path/Frameworks",
					"@loader_path/Frameworks",
				);
				MARKETING_VERSION = 1.0;
				PRODUCT_BUNDLE_IDENTIFIER = "cn.test.ios-testUITests";
				PRODUCT_NAME = "$(TARGET_NAME)";
				SWIFT_EMIT_LOC_STRINGS = NO;
				SWIFT_VERSION = 5.0;
				TARGETED_DEVICE_FAMILY = "1,2";
				TEST_TARGET_NAME = "ios-test";
			};
			name = Release;
		};
/* End XCBuildConfiguration section */

/* Begin XCConfigurationList section */
		0A9433B42747FCA5002C77C0 /* Build configuration list for PBXProject "ios-test" */ = {
			isa = XCConfigurationList;
			buildConfigurations = (
				0A9433E12747FCA6002C77C0 /* Debug */,
				0A9433E22747FCA6002C77C0 /* Release */,
			);
			defaultConfigurationIsVisible = 0;
			defaultConfigurationName = Release;
		};
		0A9433E32747FCA6002C77C0 /* Build configuration list for PBXNativeTarget "ios-test" */ = {
			isa = XCConfigurationList;
			buildConfigurations = (
				0A9433E42747FCA6002C77C0 /* Debug */,
				0A9433E52747FCA6002C77C0 /* Release */,
			);
			defaultConfigurationIsVisible = 0;
			defaultConfigurationName = Release;
		};
		0A9433E62747FCA6002C77C0 /* Build configuration list for PBXNativeTarget "ios-testTests" */ = {
			isa = XCConfigurationList;
			buildConfigurations = (
				0A9433E72747FCA6002C77C0 /* Debug */,
				0A9433E82747FCA6002C77C0 /* Release */,
			);
			defaultConfigurationIsVisible = 0;
			defaultConfigurationName = Release;
		};
		0A9433E92747FCA6002C77C0 /* Build configuration list for PBXNativeTarget "ios-testUITests" */ = {
			isa = XCConfigurationList;
			buildConfigurations = (
				0A9433EA2747FCA6002C77C0 /* Debug */,
				0A9433EB2747FCA6002C77C0 /* Release */,
			);
			defaultConfigurationIsVisible = 0;
			defaultConfigurationName = Release;
		};
/* End XCConfigurationList section */
	};
	rootObject = 0A9433B12747FCA5002C77C0 /* Project object */;
}
